{
  "name": "css_scroll",
  "lockfileVersion": 3,
  "requires": true,
  "packages": {
    "": {
      "dependencies": {
        "scrollcue": "^2.0.0"
      }
    },
    "node_modules/scrollcue": {
      "version": "2.0.0",
      "resolved": "https://registry.npmjs.org/scrollcue/-/scrollcue-2.0.0.tgz",
      "integrity": "sha512-uGLYpFK0c1i48v/95Q/fC9GCEdYHYasIDrEBMPXRRtIlznDEOD9nl+BgjwSQaU8uGS6E88Pp3HWb+CUkUKocRQ==",
      "license": "MIT"
    }
  }
}
